
Microsoft Visual Studio Solution File, Format Version 12.00
# Visual Studio Version 16
VisualStudioVersion = 16.0.31005.135
MinimumVisualStudioVersion = 10.0.40219.1
Project("{9A19103F-16F7-4668-BE54-9A1E7A4F7556}") = "MatchFlix-Frontend", "MatchFlix-Frontend.csproj", "{C425C6D6-A9FE-4838-9A0D-25B25F02E3AC}"
EndProject
Project("{9A19103F-16F7-4668-BE54-9A1E7A4F7556}") = "AnimeService", "..\AnimeService\AnimeService.csproj", "{D1AB3D52-4303-4A60-9D46-AA91C3D33841}"
EndProject
Project("{9A19103F-16F7-4668-BE54-9A1E7A4F7556}") = "ShowsService", "..\ShowsService\ShowsService.csproj", "{33BB698E-C4F6-4F50-B2C1-3573D2230541}"
EndProject
Project("{9A19103F-16F7-4668-BE54-9A1E7A4F7556}") = "API-Gateway", "..\API-Gateway\API-Gateway.csproj", "{5240AA0C-77B5-4866-9B5C-1294D1B45DAF}"
EndProject
Project("{9A19103F-16F7-4668-BE54-9A1E7A4F7556}") = "OMDB-Service", "..\OMDB-Service\OMDB-Service.csproj", "{2F50E9EE-EDF6-43A6-A9CF-FCDEC7440633}"
EndProject
Project("{9A19103F-16F7-4668-BE54-9A1E7A4F7556}") = "MatchingService", "..\MatchingService\MatchingService.csproj", "{55129380-4315-4EB4-860F-5F438AD60C70}"
EndProject
Global
	GlobalSection(SolutionConfigurationPlatforms) = preSolution
		Debug|Any CPU = Debug|Any CPU
		Release|Any CPU = Release|Any CPU
	EndGlobalSection
	GlobalSection(ProjectConfigurationPlatforms) = postSolution
		{C425C6D6-A9FE-4838-9A0D-25B25F02E3AC}.Debug|Any CPU.ActiveCfg = Debug|Any CPU
		{C425C6D6-A9FE-4838-9A0D-25B25F02E3AC}.Debug|Any CPU.Build.0 = Debug|Any CPU
		{C425C6D6-A9FE-4838-9A0D-25B25F02E3AC}.Release|Any CPU.ActiveCfg = Release|Any CPU
		{C425C6D6-A9FE-4838-9A0D-25B25F02E3AC}.Release|Any CPU.Build.0 = Release|Any CPU
		{D1AB3D52-4303-4A60-9D46-AA91C3D33841}.Debug|Any CPU.ActiveCfg = Debug|Any CPU
		{D1AB3D52-4303-4A60-9D46-AA91C3D33841}.Debug|Any CPU.Build.0 = Debug|Any CPU
		{D1AB3D52-4303-4A60-9D46-AA91C3D33841}.Release|Any CPU.ActiveCfg = Release|Any CPU
		{D1AB3D52-4303-4A60-9D46-AA91C3D33841}.Release|Any CPU.Build.0 = Release|Any CPU
		{33BB698E-C4F6-4F50-B2C1-3573D2230541}.Debug|Any CPU.ActiveCfg = Debug|Any CPU
		{33BB698E-C4F6-4F50-B2C1-3573D2230541}.Debug|Any CPU.Build.0 = Debug|Any CPU
		{33BB698E-C4F6-4F50-B2C1-3573D2230541}.Release|Any CPU.ActiveCfg = Release|Any CPU
		{33BB698E-C4F6-4F50-B2C1-3573D2230541}.Release|Any CPU.Build.0 = Release|Any CPU
		{5240AA0C-77B5-4866-9B5C-1294D1B45DAF}.Debug|Any CPU.ActiveCfg = Debug|Any CPU
		{5240AA0C-77B5-4866-9B5C-1294D1B45DAF}.Debug|Any CPU.Build.0 = Debug|Any CPU
		{5240AA0C-77B5-4866-9B5C-1294D1B45DAF}.Release|Any CPU.ActiveCfg = Release|Any CPU
		{5240AA0C-77B5-4866-9B5C-1294D1B45DAF}.Release|Any CPU.Build.0 = Release|Any CPU
		{2F50E9EE-EDF6-43A6-A9CF-FCDEC7440633}.Debug|Any CPU.ActiveCfg = Debug|Any CPU
		{2F50E9EE-EDF6-43A6-A9CF-FCDEC7440633}.Debug|Any CPU.Build.0 = Debug|Any CPU
		{2F50E9EE-EDF6-43A6-A9CF-FCDEC7440633}.Release|Any CPU.ActiveCfg = Release|Any CPU
		{2F50E9EE-EDF6-43A6-A9CF-FCDEC7440633}.Release|Any CPU.Build.0 = Release|Any CPU
		{55129380-4315-4EB4-860F-5F438AD60C70}.Debug|Any CPU.ActiveCfg = Debug|Any CPU
		{55129380-4315-4EB4-860F-5F438AD60C70}.Debug|Any CPU.Build.0 = Debug|Any CPU
		{55129380-4315-4EB4-860F-5F438AD60C70}.Release|Any CPU.ActiveCfg = Release|Any CPU
		{55129380-4315-4EB4-860F-5F438AD60C70}.Release|Any CPU.Build.0 = Release|Any CPU
	EndGlobalSection
	GlobalSection(SolutionProperties) = preSolution
		HideSolutionNode = FALSE
	EndGlobalSection
	GlobalSection(ExtensibilityGlobals) = postSolution
		SolutionGuid = {79A56C92-EE7F-484C-A15A-434C7F7A7F12}
	EndGlobalSection
EndGlobal
